
Microsoft Visual Studio Solution File, Format Version 12.00
# Visual Studio Version 16
VisualStudioVersion = 16.0.30717.126
MinimumVisualStudioVersion = 10.0.40219.1
Project("{FAE04EC0-301F-11D3-BF4B-00C04F79EFBC}") = "GitHub test", "GitHub test\GitHub test.csproj", "{0223D44E-9322-4E2C-B30B-6536E85F8C68}"
EndProject
Global
	GlobalSection(SolutionConfigurationPlatforms) = preSolution
		Debug|Any CPU = Debug|Any CPU
		Release|Any CPU = Release|Any CPU
	EndGlobalSection
	GlobalSection(ProjectConfigurationPlatforms) = postSolution
		{0223D44E-9322-4E2C-B30B-6536E85F8C68}.Debug|Any CPU.ActiveCfg = Debug|Any CPU
		{0223D44E-9322-4E2C-B30B-6536E85F8C68}.Debug|Any CPU.Build.0 = Debug|Any CPU
		{0223D44E-9322-4E2C-B30B-6536E85F8C68}.Release|Any CPU.ActiveCfg = Release|Any CPU
		{0223D44E-9322-4E2C-B30B-6536E85F8C68}.Release|Any CPU.Build.0 = Release|Any CPU
	EndGlobalSection
	GlobalSection(SolutionProperties) = preSolution
		HideSolutionNode = FALSE
	EndGlobalSection
	GlobalSection(ExtensibilityGlobals) = postSolution
		SolutionGuid = {6B947246-22C3-4264-AF2C-8C029EA6E76F}
	EndGlobalSection
EndGlobal
